
Microsoft Visual Studio Solution File, Format Version 12.00
# Visual Studio Version 16
VisualStudioVersion = 16.0.29509.3
MinimumVisualStudioVersion = 10.0.40219.1
Project("{FAE04EC0-301F-11D3-BF4B-00C04F79EFBC}") = "Waterskibaan", "Waterskibaan\Waterskibaan.csproj", "{163C231F-EA4D-4D8F-8839-3D680410C72A}"
EndProject
Global
	GlobalSection(SolutionConfigurationPlatforms) = preSolution
		Debug|Any CPU = Debug|Any CPU
		Release|Any CPU = Release|Any CPU
	EndGlobalSection
	GlobalSection(ProjectConfigurationPlatforms) = postSolution
		{163C231F-EA4D-4D8F-8839-3D680410C72A}.Debug|Any CPU.ActiveCfg = Debug|Any CPU
		{163C231F-EA4D-4D8F-8839-3D680410C72A}.Debug|Any CPU.Build.0 = Debug|Any CPU
		{163C231F-EA4D-4D8F-8839-3D680410C72A}.Release|Any CPU.ActiveCfg = Release|Any CPU
		{163C231F-EA4D-4D8F-8839-3D680410C72A}.Release|Any CPU.Build.0 = Release|Any CPU
	EndGlobalSection
	GlobalSection(SolutionProperties) = preSolution
		HideSolutionNode = FALSE
	EndGlobalSection
	GlobalSection(ExtensibilityGlobals) = postSolution
		SolutionGuid = {98E650CC-DB02-4309-87CC-B2EE2E5BDAA2}
	EndGlobalSection
EndGlobal
